
Microsoft Visual Studio Solution File, Format Version 12.00
# Visual Studio Version 17
VisualStudioVersion = 17.1.32210.238
MinimumVisualStudioVersion = 10.0.40219.1
Project("{FAE04EC0-301F-11D3-BF4B-00C04F79EFBC}") = "CleanArchMvc.Domain", "CleanArchMvc.Domain\CleanArchMvc.Domain.csproj", "{E7FCCCBD-85FA-4286-BC03-91743B0A8BA6}"
EndProject
Project("{FAE04EC0-301F-11D3-BF4B-00C04F79EFBC}") = "CleanArchMvc.Application", "CleanArchMvc.Application\CleanArchMvc.Application.csproj", "{BF160398-7D50-4F30-B6BD-7D33F8920BB7}"
EndProject
Project("{FAE04EC0-301F-11D3-BF4B-00C04F79EFBC}") = "CleanArchMvc.Infra.Data", "CleanArchMvc.Infra.Data\CleanArchMvc.Infra.Data.csproj", "{BD5BA532-105B-4BDE-B561-2B12451134BE}"
EndProject
Project("{FAE04EC0-301F-11D3-BF4B-00C04F79EFBC}") = "CleanArchMvc.Infra.IoC", "CleanArchMvc.Infra.IoC\CleanArchMvc.Infra.IoC.csproj", "{4DBD040F-1BB3-4C74-8953-3485D5EB3BD7}"
EndProject
Project("{FAE04EC0-301F-11D3-BF4B-00C04F79EFBC}") = "CleanArchMvc.WebUI", "CleanArchMvc.WebUI\CleanArchMvc.WebUI.csproj", "{4A00B9AD-21D8-49C1-A784-9928F59C7BFF}"
EndProject
Project("{FAE04EC0-301F-11D3-BF4B-00C04F79EFBC}") = "CleanArchMvc.Domain.Tests", "CleanArchMvc.Domain.Tests\CleanArchMvc.Domain.Tests.csproj", "{C4F92111-A083-4984-8285-D6FAC1607510}"
EndProject
Global
	GlobalSection(SolutionConfigurationPlatforms) = preSolution
		Debug|Any CPU = Debug|Any CPU
		Release|Any CPU = Release|Any CPU
	EndGlobalSection
	GlobalSection(ProjectConfigurationPlatforms) = postSolution
		{E7FCCCBD-85FA-4286-BC03-91743B0A8BA6}.Debug|Any CPU.ActiveCfg = Debug|Any CPU
		{E7FCCCBD-85FA-4286-BC03-91743B0A8BA6}.Debug|Any CPU.Build.0 = Debug|Any CPU
		{E7FCCCBD-85FA-4286-BC03-91743B0A8BA6}.Release|Any CPU.ActiveCfg = Release|Any CPU
		{E7FCCCBD-85FA-4286-BC03-91743B0A8BA6}.Release|Any CPU.Build.0 = Release|Any CPU
		{BF160398-7D50-4F30-B6BD-7D33F8920BB7}.Debug|Any CPU.ActiveCfg = Debug|Any CPU
		{BF160398-7D50-4F30-B6BD-7D33F8920BB7}.Debug|Any CPU.Build.0 = Debug|Any CPU
		{BF160398-7D50-4F30-B6BD-7D33F8920BB7}.Release|Any CPU.ActiveCfg = Release|Any CPU
		{BF160398-7D50-4F30-B6BD-7D33F8920BB7}.Release|Any CPU.Build.0 = Release|Any CPU
		{BD5BA532-105B-4BDE-B561-2B12451134BE}.Debug|Any CPU.ActiveCfg = Debug|Any CPU
		{BD5BA532-105B-4BDE-B561-2B12451134BE}.Debug|Any CPU.Build.0 = Debug|Any CPU
		{BD5BA532-105B-4BDE-B561-2B12451134BE}.Release|Any CPU.ActiveCfg = Release|Any CPU
		{BD5BA532-105B-4BDE-B561-2B12451134BE}.Release|Any CPU.Build.0 = Release|Any CPU
		{4DBD040F-1BB3-4C74-8953-3485D5EB3BD7}.Debug|Any CPU.ActiveCfg = Debug|Any CPU
		{4DBD040F-1BB3-4C74-8953-3485D5EB3BD7}.Debug|Any CPU.Build.0 = Debug|Any CPU
		{4DBD040F-1BB3-4C74-8953-3485D5EB3BD7}.Release|Any CPU.ActiveCfg = Release|Any CPU
		{4DBD040F-1BB3-4C74-8953-3485D5EB3BD7}.Release|Any CPU.Build.0 = Release|Any CPU
		{4A00B9AD-21D8-49C1-A784-9928F59C7BFF}.Debug|Any CPU.ActiveCfg = Debug|Any CPU
		{4A00B9AD-21D8-49C1-A784-9928F59C7BFF}.Debug|Any CPU.Build.0 = Debug|Any CPU
		{4A00B9AD-21D8-49C1-A784-9928F59C7BFF}.Release|Any CPU.ActiveCfg = Release|Any CPU
		{4A00B9AD-21D8-49C1-A784-9928F59C7BFF}.Release|Any CPU.Build.0 = Release|Any CPU
		{C4F92111-A083-4984-8285-D6FAC1607510}.Debug|Any CPU.ActiveCfg = Debug|Any CPU
		{C4F92111-A083-4984-8285-D6FAC1607510}.Debug|Any CPU.Build.0 = Debug|Any CPU
		{C4F92111-A083-4984-8285-D6FAC1607510}.Release|Any CPU.ActiveCfg = Release|Any CPU
		{C4F92111-A083-4984-8285-D6FAC1607510}.Release|Any CPU.Build.0 = Release|Any CPU
	EndGlobalSection
	GlobalSection(SolutionProperties) = preSolution
		HideSolutionNode = FALSE
	EndGlobalSection
	GlobalSection(ExtensibilityGlobals) = postSolution
		SolutionGuid = {59A907F2-A152-46C6-B923-33E2EA19204A}
	EndGlobalSection
EndGlobal
